// !$*UTF8*$!
{
	archiveVersion = 1;
	classes = {
	};
	objectVersion = 46;
	objects = {

/* Begin PBXBuildFile section */
		1B087A681565DF4C001910B6 /* StoreKit.framework in Frameworks */ = {isa = PBXBuildFile; fileRef = 1B087A671565DF4C001910B6 /* StoreKit.framework */; };
		1B8DBD96155DE31100042D26 /* UIKit.framework in Frameworks */ = {isa = PBXBuildFile; fileRef = 1B8DBD95155DE31100042D26 /* UIKit.framework */; };
		1B8DBD98155DE31100042D26 /* Foundation.framework in Frameworks */ = {isa = PBXBuildFile; fileRef = 1B8DBD97155DE31100042D26 /* Foundation.framework */; };
		1B8DBD9A155DE31100042D26 /* CoreGraphics.framework in Frameworks */ = {isa = PBXBuildFile; fileRef = 1B8DBD99155DE31100042D26 /* CoreGraphics.framework */; };
		1B8DBDA0155DE31100042D26 /* InfoPlist.strings in Resources */ = {isa = PBXBuildFile; fileRef = 1B8DBD9E155DE31100042D26 /* InfoPlist.strings */; };
		1B8DBDA2155DE31200042D26 /* main.m in Sources */ = {isa = PBXBuildFile; fileRef = 1B8DBDA1155DE31200042D26 /* main.m */; };
		1B8DBDA6155DE31200042D26 /* AppDelegate.m in Sources */ = {isa = PBXBuildFile; fileRef = 1B8DBDA5155DE31200042D26 /* AppDelegate.m */; };
		1B8DBDA9155DE31200042D26 /* ViewController.m in Sources */ = {isa = PBXBuildFile; fileRef = 1B8DBDA8155DE31200042D26 /* ViewController.m */; };
		1B8DBDAC155DE31200042D26 /* ViewController_iPhone.xib in Resources */ = {isa = PBXBuildFile; fileRef = 1B8DBDAA155DE31200042D26 /* ViewController_iPhone.xib */; };
		1B8DBDAF155DE31200042D26 /* ViewController_iPad.xib in Resources */ = {isa = PBXBuildFile; fileRef = 1B8DBDAD155DE31200042D26 /* ViewController_iPad.xib */; };
		1B8DBDB8155DE3D900042D26 /* EBPurchase.m in Sources */ = {isa = PBXBuildFile; fileRef = 1B8DBDB7155DE3D900042D26 /* EBPurchase.m */; };
/* End PBXBuildFile section */

/* Begin PBXFileReference section */
		1B087A671565DF4C001910B6 /* StoreKit.framework */ = {isa = PBXFileReference; lastKnownFileType = wrapper.framework; name = StoreKit.framework; path = System/Library/Frameworks/StoreKit.framework; sourceTree = SDKROOT; };
		1B8DBD91155DE31100042D26 /* EBPurchase-Demo.app */ = {isa = PBXFileReference; explicitFileType = wrapper.application; includeInIndex = 0; path = "EBPurchase-Demo.app"; sourceTree = BUILT_PRODUCTS_DIR; };
		1B8DBD95155DE31100042D26 /* UIKit.framework */ = {isa = PBXFileReference; lastKnownFileType = wrapper.framework; name = UIKit.framework; path = System/Library/Frameworks/UIKit.framework; sourceTree = SDKROOT; };
		1B8DBD97155DE31100042D26 /* Foundation.framework */ = {isa = PBXFileReference; lastKnownFileType = wrapper.framework; name = Foundation.framework; path = System/Library/Frameworks/Foundation.framework; sourceTree = SDKROOT; };
		1B8DBD99155DE31100042D26 /* CoreGraphics.framework */ = {isa = PBXFileReference; lastKnownFileType = wrapper.framework; name = CoreGraphics.framework; path = System/Library/Frameworks/CoreGraphics.framework; sourceTree = SDKROOT; };
		1B8DBD9D155DE31100042D26 /* EBPurchase-Demo-Info.plist */ = {isa = PBXFileReference; lastKnownFileType = text.plist.xml; path = "EBPurchase-Demo-Info.plist"; sourceTree = "<group>"; };
		1B8DBD9F155DE31100042D26 /* en */ = {isa = PBXFileReference; lastKnownFileType = text.plist.strings; name = en; path = en.lproj/InfoPlist.strings; sourceTree = "<group>"; };
		1B8DBDA1155DE31200042D26 /* main.m */ = {isa = PBXFileReference; lastKnownFileType = sourcecode.c.objc; path = main.m; sourceTree = "<group>"; };
		1B8DBDA3155DE31200042D26 /* EBPurchase-Demo-Prefix.pch */ = {isa = PBXFileReference; lastKnownFileType = sourcecode.c.h; path = "EBPurchase-Demo-Prefix.pch"; sourceTree = "<group>"; };
		1B8DBDA4155DE31200042D26 /* AppDelegate.h */ = {isa = PBXFileReference; lastKnownFileType = sourcecode.c.h; path = AppDelegate.h; sourceTree = "<group>"; };
		1B8DBDA5155DE31200042D26 /* AppDelegate.m */ = {isa = PBXFileReference; lastKnownFileType = sourcecode.c.objc; path = AppDelegate.m; sourceTree = "<group>"; };
		1B8DBDA7155DE31200042D26 /* ViewController.h */ = {isa = PBXFileReference; lastKnownFileType = sourcecode.c.h; path = ViewController.h; sourceTree = "<group>"; };
		1B8DBDA8155DE31200042D26 /* ViewController.m */ = {isa = PBXFileReference; lastKnownFileType = sourcecode.c.objc; path = ViewController.m; sourceTree = "<group>"; };
		1B8DBDAB155DE31200042D26 /* en */ = {isa = PBXFileReference; lastKnownFileType = file.xib; name = en; path = en.lproj/ViewController_iPhone.xib; sourceTree = "<group>"; };
		1B8DBDAE155DE31200042D26 /* en */ = {isa = PBXFileReference; lastKnownFileType = file.xib; name = en; path = en.lproj/ViewController_iPad.xib; sourceTree = "<group>"; };
		1B8DBDB6155DE3D900042D26 /* EBPurchase.h */ = {isa = PBXFileReference; fileEncoding = 4; lastKnownFileType = sourcecode.c.h; path = EBPurchase.h; sourceTree = "<group>"; };
		1B8DBDB7155DE3D900042D26 /* EBPurchase.m */ = {isa = PBXFileReference; fileEncoding = 4; lastKnownFileType = sourcecode.c.objc; path = EBPurchase.m; sourceTree = "<group>"; };
/* End PBXFileReference section */

/* Begin PBXFrameworksBuildPhase section */
		1B8DBD8E155DE31100042D26 /* Frameworks */ = {
			isa = PBXFrameworksBuildPhase;
			buildActionMask = 2147483647;
			files = (
				1B087A681565DF4C001910B6 /* StoreKit.framework in Frameworks */,
				1B8DBD96155DE31100042D26 /* UIKit.framework in Frameworks */,
				1B8DBD98155DE31100042D26 /* Foundation.framework in Frameworks */,
				1B8DBD9A155DE31100042D26 /* CoreGraphics.framework in Frameworks */,
			);
			runOnlyForDeploymentPostprocessing = 0;
		};
/* End PBXFrameworksBuildPhase section */

/* Begin PBXGroup section */
		1B8DBD86155DE31100042D26 = {
			isa = PBXGroup;
			children = (
				1B8DBDB5155DE3D900042D26 /* EBPurchase */,
				1B8DBD9B155DE31100042D26 /* EBPurchase-Demo */,
				1B8DBD94155DE31100042D26 /* Frameworks */,
				1B8DBD92155DE31100042D26 /* Products */,
			);
			sourceTree = "<group>";
		};
		1B8DBD92155DE31100042D26 /* Products */ = {
			isa = PBXGroup;
			children = (
				1B8DBD91155DE31100042D26 /* EBPurchase-Demo.app */,
			);
			name = Products;
			sourceTree = "<group>";
		};
		1B8DBD94155DE31100042D26 /* Frameworks */ = {
			isa = PBXGroup;
			children = (
				1B087A671565DF4C001910B6 /* StoreKit.framework */,
				1B8DBD95155DE31100042D26 /* UIKit.framework */,
				1B8DBD97155DE31100042D26 /* Foundation.framework */,
				1B8DBD99155DE31100042D26 /* CoreGraphics.framework */,
			);
			name = Frameworks;
			sourceTree = "<group>";
		};
		1B8DBD9B155DE31100042D26 /* EBPurchase-Demo */ = {
			isa = PBXGroup;
			children = (
				1B8DBDA4155DE31200042D26 /* AppDelegate.h */,
				1B8DBDA5155DE31200042D26 /* AppDelegate.m */,
				1B8DBDA7155DE31200042D26 /* ViewController.h */,
				1B8DBDA8155DE31200042D26 /* ViewController.m */,
				1B8DBDAA155DE31200042D26 /* ViewController_iPhone.xib */,
				1B8DBDAD155DE31200042D26 /* ViewController_iPad.xib */,
				1B8DBD9C155DE31100042D26 /* Supporting Files */,
			);
			path = "EBPurchase-Demo";
			sourceTree = "<group>";
		};
		1B8DBD9C155DE31100042D26 /* Supporting Files */ = {
			isa = PBXGroup;
			children = (
				1B8DBD9D155DE31100042D26 /* EBPurchase-Demo-Info.plist */,
				1B8DBD9E155DE31100042D26 /* InfoPlist.strings */,
				1B8DBDA1155DE31200042D26 /* main.m */,
				1B8DBDA3155DE31200042D26 /* EBPurchase-Demo-Prefix.pch */,
			);
			name = "Supporting Files";
			sourceTree = "<group>";
		};
		1B8DBDB5155DE3D900042D26 /* EBPurchase */ = {
			isa = PBXGroup;
			children = (
				1B8DBDB6155DE3D900042D26 /* EBPurchase.h */,
				1B8DBDB7155DE3D900042D26 /* EBPurchase.m */,
			);
			path = EBPurchase;
			sourceTree = "<group>";
		};
/* End PBXGroup section */

/* Begin PBXNativeTarget section */
		1B8DBD90155DE31100042D26 /* EBPurchase-Demo */ = {
			isa = PBXNativeTarget;
			buildConfigurationList = 1B8DBDB2155DE31200042D26 /* Build configuration list for PBXNativeTarget "EBPurchase-Demo" */;
			buildPhases = (
				1B8DBD8D155DE31100042D26 /* Sources */,
				1B8DBD8E155DE31100042D26 /* Frameworks */,
				1B8DBD8F155DE31100042D26 /* Resources */,
			);
			buildRules = (
			);
			dependencies = (
			);
			name = "EBPurchase-Demo";
			productName = "EBPurchase-Demo";
			productReference = 1B8DBD91155DE31100042D26 /* EBPurchase-Demo.app */;
			productType = "com.apple.product-type.application";
		};
/* End PBXNativeTarget section */

/* Begin PBXProject section */
		1B8DBD88155DE31100042D26 /* Project object */ = {
			isa = PBXProject;
			attributes = {
				LastUpgradeCheck = 0430;
			};
			buildConfigurationList = 1B8DBD8B155DE31100042D26 /* Build configuration list for PBXProject "EBPurchase-Demo" */;
			compatibilityVersion = "Xcode 3.2";
			developmentRegion = English;
			hasScannedForEncodings = 0;
			knownRegions = (
				en,
			);
			mainGroup = 1B8DBD86155DE31100042D26;
			productRefGroup = 1B8DBD92155DE31100042D26 /* Products */;
			projectDirPath = "";
			projectRoot = "";
			targets = (
				1B8DBD90155DE31100042D26 /* EBPurchase-Demo */,
			);
		};
/* End PBXProject section */

/* Begin PBXResourcesBuildPhase section */
		1B8DBD8F155DE31100042D26 /* Resources */ = {
			isa = PBXResourcesBuildPhase;
			buildActionMask = 2147483647;
			files = (
				1B8DBDA0155DE31100042D26 /* InfoPlist.strings in Resources */,
				1B8DBDAC155DE31200042D26 /* ViewController_iPhone.xib in Resources */,
				1B8DBDAF155DE31200042D26 /* ViewController_iPad.xib in Resources */,
			);
			runOnlyForDeploymentPostprocessing = 0;
		};
/* End PBXResourcesBuildPhase section */

/* Begin PBXSourcesBuildPhase section */
		1B8DBD8D155DE31100042D26 /* Sources */ = {
			isa = PBXSourcesBuildPhase;
			buildActionMask = 2147483647;
			files = (
				1B8DBDA2155DE31200042D26 /* main.m in Sources */,
				1B8DBDA6155DE31200042D26 /* AppDelegate.m in Sources */,
				1B8DBDA9155DE31200042D26 /* ViewController.m in Sources */,
				1B8DBDB8155DE3D900042D26 /* EBPurchase.m in Sources */,
			);
			runOnlyForDeploymentPostprocessing = 0;
		};
/* End PBXSourcesBuildPhase section */

/* Begin PBXVariantGroup section */
		1B8DBD9E155DE31100042D26 /* InfoPlist.strings */ = {
			isa = PBXVariantGroup;
			children = (
				1B8DBD9F155DE31100042D26 /* en */,
			);
			name = InfoPlist.strings;
			sourceTree = "<group>";
		};
		1B8DBDAA155DE31200042D26 /* ViewController_iPhone.xib */ = {
			isa = PBXVariantGroup;
			children = (
				1B8DBDAB155DE31200042D26 /* en */,
			);
			name = ViewController_iPhone.xib;
			sourceTree = "<group>";
		};
		1B8DBDAD155DE31200042D26 /* ViewController_iPad.xib */ = {
			isa = PBXVariantGroup;
			children = (
				1B8DBDAE155DE31200042D26 /* en */,
			);
			name = ViewController_iPad.xib;
			sourceTree = "<group>";
		};
/* End PBXVariantGroup section */

/* Begin XCBuildConfiguration section */
		1B8DBDB0155DE31200042D26 /* Debug */ = {
			isa = XCBuildConfiguration;
			buildSettings = {
				ALWAYS_SEARCH_USER_PATHS = NO;
				ARCHS = "$(ARCHS_STANDARD_32_BIT)";
				"CODE_SIGN_IDENTITY[sdk=iphoneos*]" = "iPhone Developer";
				COPY_PHASE_STRIP = NO;
				GCC_C_LANGUAGE_STANDARD = gnu99;
				GCC_DYNAMIC_NO_PIC = NO;
				GCC_OPTIMIZATION_LEVEL = 0;
				GCC_PREPROCESSOR_DEFINITIONS = (
					"DEBUG=1",
					"$(inherited)",
				);
				GCC_SYMBOLS_PRIVATE_EXTERN = NO;
				GCC_VERSION = com.apple.compilers.llvm.clang.1_0;
				GCC_WARN_ABOUT_RETURN_TYPE = YES;
				GCC_WARN_UNINITIALIZED_AUTOS = YES;
				GCC_WARN_UNUSED_VARIABLE = YES;
				IPHONEOS_DEPLOYMENT_TARGET = 5.1;
				SDKROOT = iphoneos;
				TARGETED_DEVICE_FAMILY = "1,2";
			};
			name = Debug;
		};
		1B8DBDB1155DE31200042D26 /* Release */ = {
			isa = XCBuildConfiguration;
			buildSettings = {
				ALWAYS_SEARCH_USER_PATHS = NO;
				ARCHS = "$(ARCHS_STANDARD_32_BIT)";
				"CODE_SIGN_IDENTITY[sdk=iphoneos*]" = "iPhone Developer";
				COPY_PHASE_STRIP = YES;
				GCC_C_LANGUAGE_STANDARD = gnu99;
				GCC_VERSION = com.apple.compilers.llvm.clang.1_0;
				GCC_WARN_ABOUT_RETURN_TYPE = YES;
				GCC_WARN_UNINITIALIZED_AUTOS = YES;
				GCC_WARN_UNUSED_VARIABLE = YES;
				IPHONEOS_DEPLOYMENT_TARGET = 5.1;
				OTHER_CFLAGS = "-DNS_BLOCK_ASSERTIONS=1";
				SDKROOT = iphoneos;
				TARGETED_DEVICE_FAMILY = "1,2";
				VALIDATE_PRODUCT = YES;
			};
			name = Release;
		};
		1B8DBDB3155DE31200042D26 /* Debug */ = {
			isa = XCBuildConfiguration;
			buildSettings = {
				GCC_PRECOMPILE_PREFIX_HEADER = YES;
				GCC_PREFIX_HEADER = "EBPurchase-Demo/EBPurchase-Demo-Prefix.pch";
				INFOPLIST_FILE = "EBPurchase-Demo/EBPurchase-Demo-Info.plist";
				PRODUCT_NAME = "$(TARGET_NAME)";
				WRAPPER_EXTENSION = app;
			};
			name = Debug;
		};
		1B8DBDB4155DE31200042D26 /* Release */ = {
			isa = XCBuildConfiguration;
			buildSettings = {
				GCC_PRECOMPILE_PREFIX_HEADER = YES;
				GCC_PREFIX_HEADER = "EBPurchase-Demo/EBPurchase-Demo-Prefix.pch";
				INFOPLIST_FILE = "EBPurchase-Demo/EBPurchase-Demo-Info.plist";
				PRODUCT_NAME = "$(TARGET_NAME)";
				WRAPPER_EXTENSION = app;
			};
			name = Release;
		};
/* End XCBuildConfiguration section */

/* Begin XCConfigurationList section */
		1B8DBD8B155DE31100042D26 /* Build configuration list for PBXProject "EBPurchase-Demo" */ = {
			isa = XCConfigurationList;
			buildConfigurations = (
				1B8DBDB0155DE31200042D26 /* Debug */,
				1B8DBDB1155DE31200042D26 /* Release */,
			);
			defaultConfigurationIsVisible = 0;
			defaultConfigurationName = Release;
		};
		1B8DBDB2155DE31200042D26 /* Build configuration list for PBXNativeTarget "EBPurchase-Demo" */ = {
			isa = XCConfigurationList;
			buildConfigurations = (
				1B8DBDB3155DE31200042D26 /* Debug */,
				1B8DBDB4155DE31200042D26 /* Release */,
			);
			defaultConfigurationIsVisible = 0;
			defaultConfigurationName = Release;
		};
/* End XCConfigurationList section */
	};
	rootObject = 1B8DBD88155DE31100042D26 /* Project object */;
}
